
Microsoft Visual Studio Solution File, Format Version 12.00
# Visual Studio Version 17
VisualStudioVersion = 17.10.35004.147
MinimumVisualStudioVersion = 10.0.40219.1
Project("{8BC9CEB8-8B4A-11D0-8D11-00A0C91BC942}") = "BOJ_17087", "BOJ_17087.vcxproj", "{719FF7C8-D77E-455C-AA67-30C1617DC360}"
EndProject
Global
	GlobalSection(SolutionConfigurationPlatforms) = preSolution
		Debug|x64 = Debug|x64
		Release|x64 = Release|x64
	EndGlobalSection
	GlobalSection(ProjectConfigurationPlatforms) = postSolution
		{719FF7C8-D77E-455C-AA67-30C1617DC360}.Debug|x64.ActiveCfg = Debug|x64
		{719FF7C8-D77E-455C-AA67-30C1617DC360}.Debug|x64.Build.0 = Debug|x64
		{719FF7C8-D77E-455C-AA67-30C1617DC360}.Release|x64.ActiveCfg = Release|x64
		{719FF7C8-D77E-455C-AA67-30C1617DC360}.Release|x64.Build.0 = Release|x64
	EndGlobalSection
	GlobalSection(SolutionProperties) = preSolution
		HideSolutionNode = FALSE
	EndGlobalSection
	GlobalSection(ExtensibilityGlobals) = postSolution
		SolutionGuid = {FBFE29C9-DD46-4AB8-914E-2223D5738317}
	EndGlobalSection
EndGlobal
